{
  "version": 4,
  "terraform_version": "1.13.5",
  "serial": 4,
  "lineage": "f3e0765c-aad5-3447-dd95-bbae9502b978",
  "outputs": {},
  "resources": [
    {
      "mode": "managed",
      "type": "github_actions_secret",
      "name": "gh_private_token",
      "provider": "provider[\"registry.terraform.io/integrations/github\"]",
      "instances": [
        {
          "index_key": "ter-round-bmw",
          "schema_version": 0,
          "attributes": {
            "created_at": "2025-11-17 13:48:37 +0000 UTC",
            "encrypted_value": "",
            "id": "ter-round-bmw:GH_PRIVATE_TOKEN",
            "plaintext_value": "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",
            "repository": "ter-round-bmw",
            "secret_name": "GH_PRIVATE_TOKEN",
            "updated_at": "2025-11-17 13:55:58 +0000 UTC"
          },
          "sensitive_attributes": [
            [
              {
                "type": "get_attr",
                "value": "encrypted_value"
              }
            ],
            [
              {
                "type": "get_attr",
                "value": "plaintext_value"
              }
            ]
          ],
          "identity_schema_version": 0,
          "private": "bnVsbA=="
        }
      ]
    },
    {
      "mode": "managed",
      "type": "github_repository",
      "name": "repository",
      "provider": "provider[\"registry.terraform.io/integrations/github\"]",
      "instances": [
        {
          "index_key": "ter-round-bmw",
          "schema_version": 1,
          "attributes": {
            "allow_auto_merge": false,
            "allow_merge_commit": true,
            "allow_rebase_merge": true,
            "allow_squash_merge": true,
            "allow_update_branch": false,
            "archive_on_destroy": null,
            "archived": false,
            "auto_init": false,
            "default_branch": "master",
            "delete_branch_on_merge": false,
            "description": "Repository created using Terraform.",
            "etag": "W/\"dd5f325f2b5131a41891c61dbd3d97358128ffa52a0e69ee1875edd764996470\"",
            "full_name": "tf-7ofWMvL9xWxxT8VsCQrU/ter-round-bmw",
            "git_clone_url": "git://github.com/tf-7ofWMvL9xWxxT8VsCQrU/ter-round-bmw.git",
            "gitignore_template": null,
            "has_discussions": false,
            "has_downloads": false,
            "has_issues": false,
            "has_projects": false,
            "has_wiki": false,
            "homepage_url": "",
            "html_url": "https://github.com/tf-7ofWMvL9xWxxT8VsCQrU/ter-round-bmw",
            "http_clone_url": "https://github.com/tf-7ofWMvL9xWxxT8VsCQrU/ter-round-bmw.git",
            "id": "ter-round-bmw",
            "ignore_vulnerability_alerts_during_read": null,
            "is_template": false,
            "license_template": null,
            "merge_commit_message": "PR_TITLE",
            "merge_commit_title": "MERGE_MESSAGE",
            "name": "ter-round-bmw",
            "node_id": "R_kgDOQXZ1tQ",
            "pages": [],
            "primary_language": "",
            "private": true,
            "repo_id": 1098282421,
            "security_and_analysis": [],
            "squash_merge_commit_message": "COMMIT_MESSAGES",
            "squash_merge_commit_title": "COMMIT_OR_PR_TITLE",
            "ssh_clone_url": "git@github.com:tf-7ofWMvL9xWxxT8VsCQrU/ter-round-bmw.git",
            "svn_url": "https://github.com/tf-7ofWMvL9xWxxT8VsCQrU/ter-round-bmw",
            "template": [
              {
                "include_all_branches": false,
                "owner": "tf-7ofWMvL9xWxxT8VsCQrU",
                "repository": "repo-template"
              }
            ],
            "topics": [],
            "visibility": "private",
            "vulnerability_alerts": false,
            "web_commit_signoff_required": false
          },
          "sensitive_attributes": [],
          "identity_schema_version": 0,
          "private": "eyJzY2hlbWFfdmVyc2lvbiI6IjEifQ=="
        }
      ]
    }
  ],
  "check_results": null
}
