{
  "version": 4,
  "terraform_version": "1.14.3",
  "serial": 5,
  "lineage": "8d2efee2-c434-8b35-a8be-c0539ca6ffbb",
  "outputs": {},
  "resources": [
    {
      "mode": "data",
      "type": "github_repositories",
      "name": "list_repositories",
      "provider": "provider[\"registry.terraform.io/integrations/github\"]",
      "instances": [
        {
          "schema_version": 0,
          "attributes": {
            "full_names": [
              "gh-terraform-automation/ter-round-football"
            ],
            "id": "org:gh-terraform-automation ter-round-",
            "include_repo_id": false,
            "names": [
              "ter-round-football"
            ],
            "query": "org:gh-terraform-automation ter-round-",
            "repo_ids": null,
            "results_per_page": 100,
            "sort": "updated"
          },
          "sensitive_attributes": [],
          "identity_schema_version": 0
        }
      ]
    },
    {
      "mode": "managed",
      "type": "github_issue_label",
      "name": "label-test-1",
      "provider": "provider[\"registry.terraform.io/integrations/github\"]",
      "instances": [
        {
          "index_key": "ter-round-football",
          "schema_version": 0,
          "attributes": {
            "color": "1D76DB",
            "description": "",
            "etag": "W/\"028882731795bc1b6e5859b1a6d97c3f3a7fb196213a253169745c77f9f2d751\"",
            "id": "ter-round-football:label-test-1",
            "name": "label-test-1",
            "repository": "ter-round-football",
            "url": "https://api.github.com/repos/gh-terraform-automation/ter-round-football/labels/label-test-1"
          },
          "sensitive_attributes": [],
          "identity_schema_version": 0,
          "private": "bnVsbA==",
          "dependencies": [
            "data.github_repositories.list_repositories"
          ]
        }
      ]
    },
    {
      "mode": "managed",
      "type": "github_issue_label",
      "name": "label-test-2",
      "provider": "provider[\"registry.terraform.io/integrations/github\"]",
      "instances": [
        {
          "index_key": "ter-round-football",
          "schema_version": 0,
          "attributes": {
            "color": "1D76DB",
            "description": "",
            "etag": "W/\"6835999fa006b72e5ebff0def8f5cfac650a99b97530b15c47a02e5252087e04\"",
            "id": "ter-round-football:label-test-2",
            "name": "label-test-2",
            "repository": "ter-round-football",
            "url": "https://api.github.com/repos/gh-terraform-automation/ter-round-football/labels/label-test-2"
          },
          "sensitive_attributes": [],
          "identity_schema_version": 0,
          "private": "bnVsbA==",
          "dependencies": [
            "data.github_repositories.list_repositories"
          ]
        }
      ]
    },
    {
      "mode": "managed",
      "type": "github_repository",
      "name": "repository",
      "provider": "provider[\"registry.terraform.io/integrations/github\"]",
      "instances": [
        {
          "index_key": "ter-round-football",
          "schema_version": 1,
          "attributes": {
            "allow_auto_merge": false,
            "allow_merge_commit": false,
            "allow_rebase_merge": true,
            "allow_squash_merge": false,
            "allow_update_branch": true,
            "archive_on_destroy": true,
            "archived": false,
            "auto_init": false,
            "default_branch": "master",
            "delete_branch_on_merge": false,
            "description": "A standard project",
            "etag": "W/\"e931dcdc01c72cb7530c99641bc89a80507c99cb34d2576b0724f5dc2013de29\"",
            "full_name": "gh-terraform-automation/ter-round-football",
            "git_clone_url": "git://github.com/gh-terraform-automation/ter-round-football.git",
            "gitignore_template": null,
            "has_discussions": false,
            "has_downloads": false,
            "has_issues": false,
            "has_projects": false,
            "has_wiki": false,
            "homepage_url": "",
            "html_url": "https://github.com/gh-terraform-automation/ter-round-football",
            "http_clone_url": "https://github.com/gh-terraform-automation/ter-round-football.git",
            "id": "ter-round-football",
            "ignore_vulnerability_alerts_during_read": null,
            "is_template": false,
            "license_template": null,
            "merge_commit_message": "PR_TITLE",
            "merge_commit_title": "MERGE_MESSAGE",
            "name": "ter-round-football",
            "node_id": "R_kgDOQ8r_tg",
            "pages": [],
            "primary_language": "",
            "private": true,
            "repo_id": 1137377206,
            "security_and_analysis": [],
            "squash_merge_commit_message": "COMMIT_MESSAGES",
            "squash_merge_commit_title": "COMMIT_OR_PR_TITLE",
            "ssh_clone_url": "git@github.com:gh-terraform-automation/ter-round-football.git",
            "svn_url": "https://github.com/gh-terraform-automation/ter-round-football",
            "template": [
              {
                "include_all_branches": false,
                "owner": "gh-terraform-automation",
                "repository": "repo-template"
              }
            ],
            "topics": [
              "dataiku"
            ],
            "visibility": "private",
            "vulnerability_alerts": false,
            "web_commit_signoff_required": false
          },
          "sensitive_attributes": [],
          "identity_schema_version": 0,
          "private": "eyJzY2hlbWFfdmVyc2lvbiI6IjEifQ==",
          "dependencies": [
            "data.github_repositories.list_repositories"
          ]
        }
      ]
    }
  ],
  "check_results": null
}
