{
  "version": 4,
  "terraform_version": "1.14.0",
  "serial": 21,
  "lineage": "cacfcef1-639a-0478-3fe6-f7e0040a0b96",
  "outputs": {},
  "resources": [
    {
      "mode": "data",
      "type": "github_repositories",
      "name": "list_repositories",
      "provider": "provider[\"registry.terraform.io/integrations/github\"]",
      "instances": [
        {
          "schema_version": 0,
          "attributes": {
            "full_names": [
              "tf-7ofWMvL9xWxxT8VsCQrU/ter-round-mercedes",
              "tf-7ofWMvL9xWxxT8VsCQrU/ter-round-audi",
              "tf-7ofWMvL9xWxxT8VsCQrU/ter-round-bmw",
              "tf-7ofWMvL9xWxxT8VsCQrU/ter-round-jaguar"
            ],
            "id": "org:tf-7ofWMvL9xWxxT8VsCQrU ter-round-",
            "include_repo_id": false,
            "names": [
              "ter-round-mercedes",
              "ter-round-audi",
              "ter-round-bmw",
              "ter-round-jaguar"
            ],
            "query": "org:tf-7ofWMvL9xWxxT8VsCQrU ter-round-",
            "repo_ids": null,
            "results_per_page": 100,
            "sort": "updated"
          },
          "sensitive_attributes": [],
          "identity_schema_version": 0
        }
      ]
    },
    {
      "mode": "managed",
      "type": "github_actions_secret",
      "name": "gh_private_token",
      "provider": "provider[\"registry.terraform.io/integrations/github\"]",
      "instances": [
        {
          "index_key": "ter-round-jaguar",
          "schema_version": 0,
          "attributes": {
            "created_at": "2025-11-17 14:29:23 +0000 UTC",
            "encrypted_value": "",
            "id": "ter-round-jaguar:GH_PRIVATE_TOKEN",
            "plaintext_value": "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",
            "repository": "ter-round-jaguar",
            "secret_name": "GH_PRIVATE_TOKEN",
            "updated_at": "2025-11-18 09:18:32 +0000 UTC"
          },
          "sensitive_attributes": [
            [
              {
                "type": "get_attr",
                "value": "encrypted_value"
              }
            ],
            [
              {
                "type": "get_attr",
                "value": "plaintext_value"
              }
            ]
          ],
          "identity_schema_version": 0,
          "private": "bnVsbA=="
        }
      ]
    },
    {
      "mode": "managed",
      "type": "github_issue_label",
      "name": "label-test-1",
      "provider": "provider[\"registry.terraform.io/integrations/github\"]",
      "instances": [
        {
          "index_key": "ter-round-audi",
          "schema_version": 0,
          "attributes": {
            "color": "1D76DB",
            "description": "",
            "etag": "W/\"80a2dbaf11220e1d0ccd300e5e5df73bcb375cb58c5c3b037aa96894c7c4fa1c\"",
            "id": "ter-round-audi:label-test-1",
            "name": "label-test-1",
            "repository": "ter-round-audi",
            "url": "https://api.github.com/repos/tf-7ofWMvL9xWxxT8VsCQrU/ter-round-audi/labels/label-test-1"
          },
          "sensitive_attributes": [],
          "identity_schema_version": 0,
          "private": "bnVsbA==",
          "dependencies": [
            "data.github_repositories.list_repositories"
          ]
        },
        {
          "index_key": "ter-round-bmw",
          "schema_version": 0,
          "attributes": {
            "color": "1D76DB",
            "description": "",
            "etag": "W/\"adad22d1944723c53a8183067e3983740008711619f4d22b3ef206059040b730\"",
            "id": "ter-round-bmw:label-test-1",
            "name": "label-test-1",
            "repository": "ter-round-bmw",
            "url": "https://api.github.com/repos/tf-7ofWMvL9xWxxT8VsCQrU/ter-round-bmw/labels/label-test-1"
          },
          "sensitive_attributes": [],
          "identity_schema_version": 0,
          "private": "bnVsbA==",
          "dependencies": [
            "data.github_repositories.list_repositories"
          ]
        },
        {
          "index_key": "ter-round-jaguar",
          "schema_version": 0,
          "attributes": {
            "color": "1D76DB",
            "description": "",
            "etag": "W/\"8fb8ab153883b22e4f4f7540f762bff4e6d9f3b38af8eb11b4d9824a5a389447\"",
            "id": "ter-round-jaguar:label-test-1",
            "name": "label-test-1",
            "repository": "ter-round-jaguar",
            "url": "https://api.github.com/repos/tf-7ofWMvL9xWxxT8VsCQrU/ter-round-jaguar/labels/label-test-1"
          },
          "sensitive_attributes": [],
          "identity_schema_version": 0,
          "private": "bnVsbA==",
          "dependencies": [
            "data.github_repositories.list_repositories"
          ]
        },
        {
          "index_key": "ter-round-mercedes",
          "schema_version": 0,
          "attributes": {
            "color": "1D76DB",
            "description": "",
            "etag": "W/\"5b6d393f7e9fd87a7cff0ff76cc9385df3cebdb452af5bf3a45f3b8823d79cb7\"",
            "id": "ter-round-mercedes:label-test-1",
            "name": "label-test-1",
            "repository": "ter-round-mercedes",
            "url": "https://api.github.com/repos/tf-7ofWMvL9xWxxT8VsCQrU/ter-round-mercedes/labels/label-test-1"
          },
          "sensitive_attributes": [],
          "identity_schema_version": 0,
          "private": "bnVsbA==",
          "dependencies": [
            "data.github_repositories.list_repositories"
          ]
        }
      ]
    },
    {
      "mode": "managed",
      "type": "github_issue_label",
      "name": "label-test-2",
      "provider": "provider[\"registry.terraform.io/integrations/github\"]",
      "instances": [
        {
          "index_key": "ter-round-audi",
          "schema_version": 0,
          "attributes": {
            "color": "1D76DB",
            "description": "",
            "etag": "W/\"d3fbb3b3a8f2aec5cb6ceb4047c8bb0bf223b30f82455c82ce673098f7a6c3ad\"",
            "id": "ter-round-audi:label-test-2",
            "name": "label-test-2",
            "repository": "ter-round-audi",
            "url": "https://api.github.com/repos/tf-7ofWMvL9xWxxT8VsCQrU/ter-round-audi/labels/label-test-2"
          },
          "sensitive_attributes": [],
          "identity_schema_version": 0,
          "private": "bnVsbA==",
          "dependencies": [
            "data.github_repositories.list_repositories"
          ]
        },
        {
          "index_key": "ter-round-bmw",
          "schema_version": 0,
          "attributes": {
            "color": "1D76DB",
            "description": "",
            "etag": "W/\"8d00a49521d1c78659d6aea923606264a37ee94fe53661a7f8abf4a4a591a9cb\"",
            "id": "ter-round-bmw:label-test-2",
            "name": "label-test-2",
            "repository": "ter-round-bmw",
            "url": "https://api.github.com/repos/tf-7ofWMvL9xWxxT8VsCQrU/ter-round-bmw/labels/label-test-2"
          },
          "sensitive_attributes": [],
          "identity_schema_version": 0,
          "private": "bnVsbA==",
          "dependencies": [
            "data.github_repositories.list_repositories"
          ]
        },
        {
          "index_key": "ter-round-jaguar",
          "schema_version": 0,
          "attributes": {
            "color": "1D76DB",
            "description": "",
            "etag": "W/\"a06c5a3bf12420048acc678cede900e5d226ae12bfb2ffbac524ba31b5942960\"",
            "id": "ter-round-jaguar:label-test-2",
            "name": "label-test-2",
            "repository": "ter-round-jaguar",
            "url": "https://api.github.com/repos/tf-7ofWMvL9xWxxT8VsCQrU/ter-round-jaguar/labels/label-test-2"
          },
          "sensitive_attributes": [],
          "identity_schema_version": 0,
          "private": "bnVsbA==",
          "dependencies": [
            "data.github_repositories.list_repositories"
          ]
        },
        {
          "index_key": "ter-round-mercedes",
          "schema_version": 0,
          "attributes": {
            "color": "1D76DB",
            "description": "",
            "etag": "W/\"17eec8900be77912b598daa8faed75cc1dcb2d5f2a898e7b09179f6ca1d6ba60\"",
            "id": "ter-round-mercedes:label-test-2",
            "name": "label-test-2",
            "repository": "ter-round-mercedes",
            "url": "https://api.github.com/repos/tf-7ofWMvL9xWxxT8VsCQrU/ter-round-mercedes/labels/label-test-2"
          },
          "sensitive_attributes": [],
          "identity_schema_version": 0,
          "private": "bnVsbA==",
          "dependencies": [
            "data.github_repositories.list_repositories"
          ]
        }
      ]
    },
    {
      "mode": "managed",
      "type": "github_repository",
      "name": "repository",
      "provider": "provider[\"registry.terraform.io/integrations/github\"]",
      "instances": [
        {
          "index_key": "ter-round-audi",
          "schema_version": 1,
          "attributes": {
            "allow_auto_merge": false,
            "allow_merge_commit": false,
            "allow_rebase_merge": true,
            "allow_squash_merge": false,
            "allow_update_branch": true,
            "archive_on_destroy": true,
            "archived": false,
            "auto_init": false,
            "default_branch": "master",
            "delete_branch_on_merge": false,
            "description": "A standard project",
            "etag": "W/\"70c1618d195c039d7dd4e97cb01803d6ab0f82e91d7a846a0410dc844e463852\"",
            "full_name": "tf-7ofWMvL9xWxxT8VsCQrU/ter-round-audi",
            "git_clone_url": "git://github.com/tf-7ofWMvL9xWxxT8VsCQrU/ter-round-audi.git",
            "gitignore_template": null,
            "has_discussions": false,
            "has_downloads": false,
            "has_issues": false,
            "has_projects": false,
            "has_wiki": false,
            "homepage_url": "",
            "html_url": "https://github.com/tf-7ofWMvL9xWxxT8VsCQrU/ter-round-audi",
            "http_clone_url": "https://github.com/tf-7ofWMvL9xWxxT8VsCQrU/ter-round-audi.git",
            "id": "ter-round-audi",
            "ignore_vulnerability_alerts_during_read": null,
            "is_template": false,
            "license_template": null,
            "merge_commit_message": "PR_TITLE",
            "merge_commit_title": "MERGE_MESSAGE",
            "name": "ter-round-audi",
            "node_id": "R_kgDOQcrgHw",
            "pages": [],
            "primary_language": "",
            "private": true,
            "repo_id": 1103814687,
            "security_and_analysis": [],
            "squash_merge_commit_message": "COMMIT_MESSAGES",
            "squash_merge_commit_title": "COMMIT_OR_PR_TITLE",
            "ssh_clone_url": "git@github.com:tf-7ofWMvL9xWxxT8VsCQrU/ter-round-audi.git",
            "svn_url": "https://github.com/tf-7ofWMvL9xWxxT8VsCQrU/ter-round-audi",
            "template": [
              {
                "include_all_branches": false,
                "owner": "tf-7ofWMvL9xWxxT8VsCQrU",
                "repository": "repo-template"
              }
            ],
            "topics": [
              "dataiku"
            ],
            "visibility": "private",
            "vulnerability_alerts": false,
            "web_commit_signoff_required": false
          },
          "sensitive_attributes": [],
          "identity_schema_version": 0,
          "private": "eyJzY2hlbWFfdmVyc2lvbiI6IjEifQ==",
          "dependencies": [
            "data.github_repositories.list_repositories"
          ]
        },
        {
          "index_key": "ter-round-bmw",
          "schema_version": 1,
          "attributes": {
            "allow_auto_merge": false,
            "allow_merge_commit": false,
            "allow_rebase_merge": true,
            "allow_squash_merge": false,
            "allow_update_branch": true,
            "archive_on_destroy": true,
            "archived": false,
            "auto_init": false,
            "default_branch": "master",
            "delete_branch_on_merge": false,
            "description": "A standard project",
            "etag": "W/\"5fd4cc87183df96481aef5ac15b5b28680b89869740b5169e83e49545c216732\"",
            "full_name": "tf-7ofWMvL9xWxxT8VsCQrU/ter-round-bmw",
            "git_clone_url": "git://github.com/tf-7ofWMvL9xWxxT8VsCQrU/ter-round-bmw.git",
            "gitignore_template": null,
            "has_discussions": false,
            "has_downloads": false,
            "has_issues": false,
            "has_projects": false,
            "has_wiki": false,
            "homepage_url": "",
            "html_url": "https://github.com/tf-7ofWMvL9xWxxT8VsCQrU/ter-round-bmw",
            "http_clone_url": "https://github.com/tf-7ofWMvL9xWxxT8VsCQrU/ter-round-bmw.git",
            "id": "ter-round-bmw",
            "ignore_vulnerability_alerts_during_read": null,
            "is_template": false,
            "license_template": null,
            "merge_commit_message": "PR_TITLE",
            "merge_commit_title": "MERGE_MESSAGE",
            "name": "ter-round-bmw",
            "node_id": "R_kgDOQY_-mw",
            "pages": [],
            "primary_language": "",
            "private": true,
            "repo_id": 1099955867,
            "security_and_analysis": [],
            "squash_merge_commit_message": "COMMIT_MESSAGES",
            "squash_merge_commit_title": "COMMIT_OR_PR_TITLE",
            "ssh_clone_url": "git@github.com:tf-7ofWMvL9xWxxT8VsCQrU/ter-round-bmw.git",
            "svn_url": "https://github.com/tf-7ofWMvL9xWxxT8VsCQrU/ter-round-bmw",
            "template": [
              {
                "include_all_branches": false,
                "owner": "tf-7ofWMvL9xWxxT8VsCQrU",
                "repository": "repo-template"
              }
            ],
            "topics": [
              "webmethods"
            ],
            "visibility": "private",
            "vulnerability_alerts": false,
            "web_commit_signoff_required": false
          },
          "sensitive_attributes": [],
          "identity_schema_version": 0,
          "private": "eyJzY2hlbWFfdmVyc2lvbiI6IjEifQ==",
          "dependencies": [
            "data.github_repositories.list_repositories"
          ]
        },
        {
          "index_key": "ter-round-jaguar",
          "schema_version": 1,
          "attributes": {
            "allow_auto_merge": false,
            "allow_merge_commit": false,
            "allow_rebase_merge": true,
            "allow_squash_merge": false,
            "allow_update_branch": true,
            "archive_on_destroy": true,
            "archived": false,
            "auto_init": false,
            "default_branch": "master",
            "delete_branch_on_merge": false,
            "description": "A standard project",
            "etag": "W/\"19f6e37a30d1c334fe4b88747526c5a3c5bc1b96a1a28f174c96bde39396cd3a\"",
            "full_name": "tf-7ofWMvL9xWxxT8VsCQrU/ter-round-jaguar",
            "git_clone_url": "git://github.com/tf-7ofWMvL9xWxxT8VsCQrU/ter-round-jaguar.git",
            "gitignore_template": null,
            "has_discussions": false,
            "has_downloads": false,
            "has_issues": false,
            "has_projects": false,
            "has_wiki": false,
            "homepage_url": "",
            "html_url": "https://github.com/tf-7ofWMvL9xWxxT8VsCQrU/ter-round-jaguar",
            "http_clone_url": "https://github.com/tf-7ofWMvL9xWxxT8VsCQrU/ter-round-jaguar.git",
            "id": "ter-round-jaguar",
            "ignore_vulnerability_alerts_during_read": null,
            "is_template": false,
            "license_template": null,
            "merge_commit_message": "PR_TITLE",
            "merge_commit_title": "MERGE_MESSAGE",
            "name": "ter-round-jaguar",
            "node_id": "R_kgDOQXbk6w",
            "pages": [],
            "primary_language": "",
            "private": true,
            "repo_id": 1098310891,
            "security_and_analysis": [],
            "squash_merge_commit_message": "COMMIT_MESSAGES",
            "squash_merge_commit_title": "COMMIT_OR_PR_TITLE",
            "ssh_clone_url": "git@github.com:tf-7ofWMvL9xWxxT8VsCQrU/ter-round-jaguar.git",
            "svn_url": "https://github.com/tf-7ofWMvL9xWxxT8VsCQrU/ter-round-jaguar",
            "template": [
              {
                "include_all_branches": false,
                "owner": "tf-7ofWMvL9xWxxT8VsCQrU",
                "repository": "repo-template"
              }
            ],
            "topics": [
              "common",
              "standard"
            ],
            "visibility": "private",
            "vulnerability_alerts": false,
            "web_commit_signoff_required": false
          },
          "sensitive_attributes": [],
          "identity_schema_version": 0,
          "private": "eyJzY2hlbWFfdmVyc2lvbiI6IjEifQ==",
          "dependencies": [
            "data.github_repositories.list_repositories"
          ]
        },
        {
          "index_key": "ter-round-mercedes",
          "schema_version": 1,
          "attributes": {
            "allow_auto_merge": false,
            "allow_merge_commit": false,
            "allow_rebase_merge": true,
            "allow_squash_merge": false,
            "allow_update_branch": true,
            "archive_on_destroy": true,
            "archived": false,
            "auto_init": false,
            "default_branch": "master",
            "delete_branch_on_merge": false,
            "description": "A standard project",
            "etag": "W/\"7c0a5717c48f5cd77b95a70abaeeec3e65168e0911e36da80ae3fb72a1a6acdb\"",
            "full_name": "tf-7ofWMvL9xWxxT8VsCQrU/ter-round-mercedes",
            "git_clone_url": "git://github.com/tf-7ofWMvL9xWxxT8VsCQrU/ter-round-mercedes.git",
            "gitignore_template": null,
            "has_discussions": false,
            "has_downloads": false,
            "has_issues": false,
            "has_projects": false,
            "has_wiki": false,
            "homepage_url": "",
            "html_url": "https://github.com/tf-7ofWMvL9xWxxT8VsCQrU/ter-round-mercedes",
            "http_clone_url": "https://github.com/tf-7ofWMvL9xWxxT8VsCQrU/ter-round-mercedes.git",
            "id": "ter-round-mercedes",
            "ignore_vulnerability_alerts_during_read": null,
            "is_template": false,
            "license_template": null,
            "merge_commit_message": "PR_TITLE",
            "merge_commit_title": "MERGE_MESSAGE",
            "name": "ter-round-mercedes",
            "node_id": "R_kgDOQcxFkQ",
            "pages": [],
            "primary_language": "",
            "private": true,
            "repo_id": 1103906193,
            "security_and_analysis": [],
            "squash_merge_commit_message": "COMMIT_MESSAGES",
            "squash_merge_commit_title": "COMMIT_OR_PR_TITLE",
            "ssh_clone_url": "git@github.com:tf-7ofWMvL9xWxxT8VsCQrU/ter-round-mercedes.git",
            "svn_url": "https://github.com/tf-7ofWMvL9xWxxT8VsCQrU/ter-round-mercedes",
            "template": [
              {
                "include_all_branches": false,
                "owner": "tf-7ofWMvL9xWxxT8VsCQrU",
                "repository": "repo-template"
              }
            ],
            "topics": [
              "dev",
              "rev",
              "webmethods"
            ],
            "visibility": "private",
            "vulnerability_alerts": false,
            "web_commit_signoff_required": false
          },
          "sensitive_attributes": [],
          "identity_schema_version": 0,
          "private": "eyJzY2hlbWFfdmVyc2lvbiI6IjEifQ==",
          "dependencies": [
            "data.github_repositories.list_repositories"
          ]
        }
      ]
    }
  ],
  "check_results": null
}
