{
  "version": 4,
  "terraform_version": "1.14.3",
  "serial": 1,
  "lineage": "8d2efee2-c434-8b35-a8be-c0539ca6ffbb",
  "outputs": {},
  "resources": [
    {
      "mode": "data",
      "type": "github_repositories",
      "name": "list_repositories",
      "provider": "provider[\"registry.terraform.io/integrations/github\"]",
      "instances": [
        {
          "schema_version": 0,
          "attributes": {
            "full_names": [
              "gh-terraform-automation/ter-round-football"
            ],
            "id": "org:gh-terraform-automation ter-round-",
            "include_repo_id": false,
            "names": [
              "ter-round-football"
            ],
            "query": "org:gh-terraform-automation ter-round-",
            "repo_ids": null,
            "results_per_page": 100,
            "sort": "updated"
          },
          "sensitive_attributes": [],
          "identity_schema_version": 0
        }
      ]
    },
    {
      "mode": "managed",
      "type": "github_repository",
      "name": "repository",
      "provider": "provider[\"registry.terraform.io/integrations/github\"]",
      "instances": [
        {
          "index_key": "ter-round-football",
          "schema_version": 1,
          "attributes": {
            "allow_auto_merge": false,
            "allow_merge_commit": true,
            "allow_rebase_merge": true,
            "allow_squash_merge": true,
            "allow_update_branch": false,
            "archive_on_destroy": null,
            "archived": false,
            "auto_init": false,
            "default_branch": "master",
            "delete_branch_on_merge": false,
            "description": "",
            "etag": "W/\"3ddb0b3e42dce476c833c1e881aeaebfc4895ba69064780aa9a58e249de0dfa9\"",
            "full_name": "gh-terraform-automation/ter-round-football",
            "git_clone_url": "git://github.com/gh-terraform-automation/ter-round-football.git",
            "gitignore_template": null,
            "has_discussions": false,
            "has_downloads": true,
            "has_issues": true,
            "has_projects": true,
            "has_wiki": false,
            "homepage_url": "",
            "html_url": "https://github.com/gh-terraform-automation/ter-round-football",
            "http_clone_url": "https://github.com/gh-terraform-automation/ter-round-football.git",
            "id": "ter-round-football",
            "ignore_vulnerability_alerts_during_read": null,
            "is_template": false,
            "license_template": null,
            "merge_commit_message": "PR_TITLE",
            "merge_commit_title": "MERGE_MESSAGE",
            "name": "ter-round-football",
            "node_id": "R_kgDOQ8r_tg",
            "pages": [],
            "primary_language": "",
            "private": true,
            "repo_id": 1137377206,
            "security_and_analysis": [],
            "squash_merge_commit_message": "COMMIT_MESSAGES",
            "squash_merge_commit_title": "COMMIT_OR_PR_TITLE",
            "ssh_clone_url": "git@github.com:gh-terraform-automation/ter-round-football.git",
            "svn_url": "https://github.com/gh-terraform-automation/ter-round-football",
            "template": [
              {
                "include_all_branches": false,
                "owner": "gh-terraform-automation",
                "repository": "repo-template"
              }
            ],
            "topics": [
              "dataiku"
            ],
            "visibility": "private",
            "vulnerability_alerts": false,
            "web_commit_signoff_required": false
          },
          "sensitive_attributes": [],
          "identity_schema_version": 0,
          "private": "eyJzY2hlbWFfdmVyc2lvbiI6IjEifQ=="
        }
      ]
    }
  ],
  "check_results": null
}
