{
  "version": 4,
  "terraform_version": "1.13.5",
  "serial": 1,
  "lineage": "f3e0765c-aad5-3447-dd95-bbae9502b978",
  "outputs": {},
  "resources": [
    {
      "mode": "managed",
      "type": "github_repository",
      "name": "repository",
      "provider": "provider[\"registry.terraform.io/integrations/github\"]",
      "instances": [
        {
          "index_key": "ter-round-bmw",
          "schema_version": 1,
          "attributes": {
            "allow_auto_merge": false,
            "allow_merge_commit": true,
            "allow_rebase_merge": true,
            "allow_squash_merge": true,
            "allow_update_branch": false,
            "archive_on_destroy": null,
            "archived": false,
            "auto_init": false,
            "default_branch": "master",
            "delete_branch_on_merge": false,
            "description": "",
            "etag": "W/\"f016f6d5ef504746a4795b47bf957ae2255505e9b38ee22e7c0bca02c75d5b87\"",
            "full_name": "tf-7ofWMvL9xWxxT8VsCQrU/ter-round-bmw",
            "git_clone_url": "git://github.com/tf-7ofWMvL9xWxxT8VsCQrU/ter-round-bmw.git",
            "gitignore_template": null,
            "has_discussions": false,
            "has_downloads": true,
            "has_issues": true,
            "has_projects": true,
            "has_wiki": false,
            "homepage_url": "",
            "html_url": "https://github.com/tf-7ofWMvL9xWxxT8VsCQrU/ter-round-bmw",
            "http_clone_url": "https://github.com/tf-7ofWMvL9xWxxT8VsCQrU/ter-round-bmw.git",
            "id": "ter-round-bmw",
            "ignore_vulnerability_alerts_during_read": null,
            "is_template": false,
            "license_template": null,
            "merge_commit_message": "PR_TITLE",
            "merge_commit_title": "MERGE_MESSAGE",
            "name": "ter-round-bmw",
            "node_id": "R_kgDOQXZ1tQ",
            "pages": [],
            "primary_language": "",
            "private": true,
            "repo_id": 1098282421,
            "security_and_analysis": [],
            "squash_merge_commit_message": "COMMIT_MESSAGES",
            "squash_merge_commit_title": "COMMIT_OR_PR_TITLE",
            "ssh_clone_url": "git@github.com:tf-7ofWMvL9xWxxT8VsCQrU/ter-round-bmw.git",
            "svn_url": "https://github.com/tf-7ofWMvL9xWxxT8VsCQrU/ter-round-bmw",
            "template": [
              {
                "include_all_branches": false,
                "owner": "tf-7ofWMvL9xWxxT8VsCQrU",
                "repository": "repo-template"
              }
            ],
            "topics": [],
            "visibility": "private",
            "vulnerability_alerts": false,
            "web_commit_signoff_required": false
          },
          "sensitive_attributes": [],
          "identity_schema_version": 0,
          "private": "eyJzY2hlbWFfdmVyc2lvbiI6IjEifQ=="
        }
      ]
    }
  ],
  "check_results": null
}
